lockfileVersion: '9.0'

settings:
  autoInstallPeers: true
  excludeLinksFromLockfile: false

importers:

  .:
    dependencies:
      '@tauri-apps/api':
        specifier: ^2.1.1
        version: 2.12.0
    devDependencies:
      '@tauri-apps/cli':
        specifier: ^2.1.0
        version: 2.12.0

packages:

  '@tauri-apps/api@2.12.0':
    resolution: {integrity: sha512-fUSxFX8VABYe9W9K5ROdEaKVkNUFRcMSRofjruvaxztXA+I0XnQHcYHF8m/a6iExRUxsUf0HsFWhPBuH9IgzJw==}

  '@tauri-apps/cli-darwin-arm64@2.12.0':
    resolution: {integrity: sha512-v5J+jISihLGtih1+3yWagbsL+5dbLZORu4vaSI0vhY0Heb+MAW+T/1s1RyKxrQrwEPGBG5kqwfDDTnSbmVkuqA==}
    engines: {node: '>= 10'}
    cpu: [arm64]
    os: [darwin]

  '@tauri-apps/cli-darwin-x64@2.12.0':
    resolution: {integrity: sha512-g27I07pfW/dMS8vcNqB9lamgKF0TqLlcy8e7t9qDGsB1iaeyjJWb2TgBF4tM9ZwLqPAZUXbsz28oXljO12WC4g==}
    engines: {node: '>= 10'}
    cpu: [x64]
    os: [darwin]

  '@tauri-apps/cli-linux-arm-gnueabihf@2.12.0':
    resolution: {integrity: sha512-gXyQ710fNc99YuxFxNyeX9PLSrIpbtgBBj7GQo9tSeRT6fIK40q3/gm7X5jqZo7mWLR2m0R/2ALd3vAWo0Z32Q==}
    engines: {node: '>= 10'}
    cpu: [arm]
    os: [linux]

  '@tauri-apps/cli-linux-arm64-gnu@2.12.0':
    resolution: {integrity: sha512-H9cyXuq9WgxoHh2NZ+R+oN+W78x5UwaBDEp0/fmqUUkaBoioCuOZErM9xKiIV6bpNAhmw1RoWZ49u37q/vaiAg==}
    engines: {node: '>= 10'}
    cpu: [arm64]
    os: [linux]
    libc: [glibc]

  '@tauri-apps/cli-linux-arm64-musl@2.12.0':
    resolution: {integrity: sha512-5tFuk3JKMBa1M/iN4gN32OYlSfhY3aqb5PO3zCugxaT+sfecyMKpc3EM9VDbhmwWBE9QD4Tfj7wGhlqx2yy2pQ==}
    engines: {node: '>= 10'}
    cpu: [arm64]
    os: [linux]
    libc: [musl]

  '@tauri-apps/cli-linux-riscv64-gnu@2.12.0':
    resolution: {integrity: sha512-LOrMyV+nb7pKq8P0BZtTBQuyzm1ORjn16R9MlupmxuT5LqxtuYJlw3VMwbaeXCToJ8jbP5u9JnkfmbqDlvETXw==}
    engines: {node: '>= 10'}
    cpu: [riscv64]
    os: [linux]
    libc: [glibc]

  '@tauri-apps/cli-linux-x64-gnu@2.12.0':
    resolution: {integrity: sha512-aMIkI+X9qvD2+k80QZB3tuOYT41/cEheikC510CwAIZ31KLXORsRASYYzM4mi1/58ICmtzSLFhCC08keir7COw==}
    engines: {node: '>= 10'}
    cpu: [x64]
    os: [linux]
    libc: [glibc]

  '@tauri-apps/cli-linux-x64-musl@2.12.0':
    resolution: {integrity: sha512-9gl3NhUbfuGhSKjeGCypKSdtoezOQRcDUrkhTWtLQEjnajets6peO6NadgI2DF0OzbiiFOzrnnIGMwBS+Ap6Iw==}
    engines: {node: '>= 10'}
    cpu: [x64]
    os: [linux]
    libc: [musl]

  '@tauri-apps/cli-win32-arm64-msvc@2.12.0':
    resolution: {integrity: sha512-1W+v86wsYLuyBDN0iDessD4CD9o+yNyO0m8Dp3+/vfjiZrJ/v7R7/aTRBeikaq2tLGgxeag0gxnFggBNBGw91A==}
    engines: {node: '>= 10'}
    cpu: [arm64]
    os: [win32]

  '@tauri-apps/cli-win32-ia32-msvc@2.12.0':
    resolution: {integrity: sha512-SsBjvq4f7YaBGqcWoE3cycoItPf0SrQeqFqWWgfxoeZWAIz01E31LDSeZ2p/etJiIY0R9oi045chkFfb0O7WGw==}
    engines: {node: '>= 10'}
    cpu: [ia32]
    os: [win32]

  '@tauri-apps/cli-win32-x64-msvc@2.12.0':
    resolution: {integrity: sha512-9zzDKYUH4TKKBgRdDdVQX8fiRO5gJ8hD1nGsHU9DOHG5Jpm3arjbu9Xg1frR20EusG3Sl8X0dppoO/4EoUXUGg==}
    engines: {node: '>= 10'}
    cpu: [x64]
    os: [win32]

  '@tauri-apps/cli@2.12.0':
    resolution: {integrity: sha512-GIShnAR4C16kSTA8NO02fo8fOw/I5z5sAUEB5S2HlPHFnBkbihL4c9a/MpkxOm1+q5S+tFd3X4QUjHWxfyGzpQ==}
    engines: {node: '>= 10'}
    hasBin: true

snapshots:

  '@tauri-apps/api@2.12.0': {}

  '@tauri-apps/cli-darwin-arm64@2.12.0':
    optional: true

  '@tauri-apps/cli-darwin-x64@2.12.0':
    optional: true

  '@tauri-apps/cli-linux-arm-gnueabihf@2.12.0':
    optional: true

  '@tauri-apps/cli-linux-arm64-gnu@2.12.0':
    optional: true

  '@tauri-apps/cli-linux-arm64-musl@2.12.0':
    optional: true

  '@tauri-apps/cli-linux-riscv64-gnu@2.12.0':
    optional: true

  '@tauri-apps/cli-linux-x64-gnu@2.12.0':
    optional: true

  '@tauri-apps/cli-linux-x64-musl@2.12.0':
    optional: true

  '@tauri-apps/cli-win32-arm64-msvc@2.12.0':
    optional: true

  '@tauri-apps/cli-win32-ia32-msvc@2.12.0':
    optional: true

  '@tauri-apps/cli-win32-x64-msvc@2.12.0':
    optional: true

  '@tauri-apps/cli@2.12.0':
    optionalDependencies:
      '@tauri-apps/cli-darwin-arm64': 2.12.0
      '@tauri-apps/cli-darwin-x64': 2.12.0
      '@tauri-apps/cli-linux-arm-gnueabihf': 2.12.0
      '@tauri-apps/cli-linux-arm64-gnu': 2.12.0
      '@tauri-apps/cli-linux-arm64-musl': 2.12.0
      '@tauri-apps/cli-linux-riscv64-gnu': 2.12.0
      '@tauri-apps/cli-linux-x64-gnu': 2.12.0
      '@tauri-apps/cli-linux-x64-musl': 2.12.0
      '@tauri-apps/cli-win32-arm64-msvc': 2.12.0
      '@tauri-apps/cli-win32-ia32-msvc': 2.12.0
      '@tauri-apps/cli-win32-x64-msvc': 2.12.0
